
Microsoft Visual Studio Solution File, Format Version 12.00
# Visual Studio 15
VisualStudioVersion = 15.0.27428.2027
MinimumVisualStudioVersion = 10.0.40219.1
Project("{FAE04EC0-301F-11D3-BF4B-00C04F79EFBC}") = "WebApplication2", "WebApplication2\WebApplication2.csproj", "{307F198D-7C59-4F66-9144-E70C4B6B3FCD}"
EndProject
Global
	GlobalSection(SolutionConfigurationPlatforms) = preSolution
		Debug|Any CPU = Debug|Any CPU
		Release|Any CPU = Release|Any CPU
	EndGlobalSection
	GlobalSection(ProjectConfigurationPlatforms) = postSolution
		{307F198D-7C59-4F66-9144-E70C4B6B3FCD}.Debug|Any CPU.ActiveCfg = Debug|Any CPU
		{307F198D-7C59-4F66-9144-E70C4B6B3FCD}.Debug|Any CPU.Build.0 = Debug|Any CPU
		{307F198D-7C59-4F66-9144-E70C4B6B3FCD}.Release|Any CPU.ActiveCfg = Release|Any CPU
		{307F198D-7C59-4F66-9144-E70C4B6B3FCD}.Release|Any CPU.Build.0 = Release|Any CPU
	EndGlobalSection
	GlobalSection(SolutionProperties) = preSolution
		HideSolutionNode = FALSE
	EndGlobalSection
	GlobalSection(ExtensibilityGlobals) = postSolution
		SolutionGuid = {5DCFD60C-2673-40FA-8A04-6415A0C08033}
	EndGlobalSection
EndGlobal
